
Microsoft Visual Studio Solution File, Format Version 12.00
# Visual Studio Version 16
VisualStudioVersion = 16.0.31424.327
MinimumVisualStudioVersion = 10.0.40219.1
Project("{FAE04EC0-301F-11D3-BF4B-00C04F79EFBC}") = "Xadrez", "Xadrez\Xadrez.csproj", "{37A90C8A-76F2-4EBC-A8DA-DBE970222432}"
EndProject
Global
	GlobalSection(SolutionConfigurationPlatforms) = preSolution
		Debug|Any CPU = Debug|Any CPU
		Release|Any CPU = Release|Any CPU
	EndGlobalSection
	GlobalSection(ProjectConfigurationPlatforms) = postSolution
		{37A90C8A-76F2-4EBC-A8DA-DBE970222432}.Debug|Any CPU.ActiveCfg = Debug|Any CPU
		{37A90C8A-76F2-4EBC-A8DA-DBE970222432}.Debug|Any CPU.Build.0 = Debug|Any CPU
		{37A90C8A-76F2-4EBC-A8DA-DBE970222432}.Release|Any CPU.ActiveCfg = Release|Any CPU
		{37A90C8A-76F2-4EBC-A8DA-DBE970222432}.Release|Any CPU.Build.0 = Release|Any CPU
	EndGlobalSection
	GlobalSection(SolutionProperties) = preSolution
		HideSolutionNode = FALSE
	EndGlobalSection
	GlobalSection(ExtensibilityGlobals) = postSolution
		SolutionGuid = {FA4D9A1A-2780-47F6-B939-6A2CEBA78F48}
	EndGlobalSection
EndGlobal
